
Microsoft Visual Studio Solution File, Format Version 12.00
# Visual Studio 15
VisualStudioVersion = 15.0.28010.2048
MinimumVisualStudioVersion = 10.0.40219.1
Project("{FAE04EC0-301F-11D3-BF4B-00C04F79EFBC}") = "Communication", "Communication\Communication.csproj", "{73BEED45-CE34-489E-AE72-939A38FA2684}"
EndProject
Global
	GlobalSection(SolutionConfigurationPlatforms) = preSolution
		Debug|Any CPU = Debug|Any CPU
		Release|Any CPU = Release|Any CPU
	EndGlobalSection
	GlobalSection(ProjectConfigurationPlatforms) = postSolution
		{73BEED45-CE34-489E-AE72-939A38FA2684}.Debug|Any CPU.ActiveCfg = Debug|Any CPU
		{73BEED45-CE34-489E-AE72-939A38FA2684}.Debug|Any CPU.Build.0 = Debug|Any CPU
		{73BEED45-CE34-489E-AE72-939A38FA2684}.Release|Any CPU.ActiveCfg = Release|Any CPU
		{73BEED45-CE34-489E-AE72-939A38FA2684}.Release|Any CPU.Build.0 = Release|Any CPU
	EndGlobalSection
	GlobalSection(SolutionProperties) = preSolution
		HideSolutionNode = FALSE
	EndGlobalSection
	GlobalSection(ExtensibilityGlobals) = postSolution
		SolutionGuid = {673F543B-514E-4031-92DD-8683B2E770A9}
	EndGlobalSection
EndGlobal
